
Microsoft Visual Studio Solution File, Format Version 12.00
# Visual Studio Version 17
VisualStudioVersion = 17.8.34511.84
MinimumVisualStudioVersion = 10.0.40219.1
Project("{FAE04EC0-301F-11D3-BF4B-00C04F79EFBC}") = "PITPO_RGR_ArtificialLife", "PITPO_RGR_ArtificialLife.csproj", "{EE51BF09-EFC4-4C04-8A26-6A46A859E19A}"
EndProject
Global
	GlobalSection(SolutionConfigurationPlatforms) = preSolution
		Debug|Any CPU = Debug|Any CPU
		Release|Any CPU = Release|Any CPU
	EndGlobalSection
	GlobalSection(ProjectConfigurationPlatforms) = postSolution
		{EE51BF09-EFC4-4C04-8A26-6A46A859E19A}.Debug|Any CPU.ActiveCfg = Debug|Any CPU
		{EE51BF09-EFC4-4C04-8A26-6A46A859E19A}.Debug|Any CPU.Build.0 = Debug|Any CPU
		{EE51BF09-EFC4-4C04-8A26-6A46A859E19A}.Release|Any CPU.ActiveCfg = Release|Any CPU
		{EE51BF09-EFC4-4C04-8A26-6A46A859E19A}.Release|Any CPU.Build.0 = Release|Any CPU
	EndGlobalSection
	GlobalSection(SolutionProperties) = preSolution
		HideSolutionNode = FALSE
	EndGlobalSection
	GlobalSection(ExtensibilityGlobals) = postSolution
		SolutionGuid = {0FB93370-1DBC-424E-A530-37F8C70062F5}
	EndGlobalSection
EndGlobal
